
Microsoft Visual Studio Solution File, Format Version 12.00
# Visual Studio 15
VisualStudioVersion = 15.0.27703.2042
MinimumVisualStudioVersion = 10.0.40219.1
Project("{FAE04EC0-301F-11D3-BF4B-00C04F79EFBC}") = "2048clone", "2048clone\2048clone.csproj", "{8C70BEDA-1AB7-4658-BB0D-1ABF3CD0C05A}"
EndProject
Global
	GlobalSection(SolutionConfigurationPlatforms) = preSolution
		Debug|Any CPU = Debug|Any CPU
		Release|Any CPU = Release|Any CPU
	EndGlobalSection
	GlobalSection(ProjectConfigurationPlatforms) = postSolution
		{8C70BEDA-1AB7-4658-BB0D-1ABF3CD0C05A}.Debug|Any CPU.ActiveCfg = Debug|Any CPU
		{8C70BEDA-1AB7-4658-BB0D-1ABF3CD0C05A}.Debug|Any CPU.Build.0 = Debug|Any CPU
		{8C70BEDA-1AB7-4658-BB0D-1ABF3CD0C05A}.Release|Any CPU.ActiveCfg = Release|Any CPU
		{8C70BEDA-1AB7-4658-BB0D-1ABF3CD0C05A}.Release|Any CPU.Build.0 = Release|Any CPU
	EndGlobalSection
	GlobalSection(SolutionProperties) = preSolution
		HideSolutionNode = FALSE
	EndGlobalSection
	GlobalSection(ExtensibilityGlobals) = postSolution
		SolutionGuid = {39E12009-5005-49E2-B9B1-A7ABB4AD801E}
	EndGlobalSection
EndGlobal
